
Microsoft Visual Studio Solution File, Format Version 12.00
# Visual Studio 15
VisualStudioVersion = 15.0.28307.1267
MinimumVisualStudioVersion = 10.0.40219.1
Project("{FAE04EC0-301F-11D3-BF4B-00C04F79EFBC}") = "DAL", "DAL\DAL.csproj", "{85FCDC5F-35C1-4994-8BC5-CE946B4CE888}"
EndProject
Project("{FAE04EC0-301F-11D3-BF4B-00C04F79EFBC}") = "BLL", "BLL\BLL.csproj", "{D4996C94-EF23-49A7-AC7E-6EC08677DE23}"
EndProject
Project("{FAE04EC0-301F-11D3-BF4B-00C04F79EFBC}") = "Models", "Models\Models.csproj", "{C6348D86-90D2-487E-9D2D-EC34C74D7391}"
EndProject
Project("{E24C65DC-7377-472B-9ABA-BC803B73C61A}") = "WebSite2", "WebSite2\", "{08FA1357-F4C6-42B9-9CC3-F4574CF233E7}"
	ProjectSection(WebsiteProperties) = preProject
		TargetFrameworkMoniker = ".NETFramework,Version%3Dv4.5"
		ProjectReferences = "{d4996c94-ef23-49a7-ac7e-6ec08677de23}|BLL.dll;{c6348d86-90d2-487e-9d2d-ec34c74d7391}|Models.dll;{85FCDC5F-35C1-4994-8BC5-CE946B4CE888}|DAL.dll;"
		Debug.AspNetCompiler.VirtualPath = "/localhost_55261"
		Debug.AspNetCompiler.PhysicalPath = "WebSite2\"
		Debug.AspNetCompiler.TargetPath = "PrecompiledWeb\localhost_55261\"
		Debug.AspNetCompiler.Updateable = "true"
		Debug.AspNetCompiler.ForceOverwrite = "true"
		Debug.AspNetCompiler.FixedNames = "false"
		Debug.AspNetCompiler.Debug = "True"
		Release.AspNetCompiler.VirtualPath = "/localhost_55261"
		Release.AspNetCompiler.PhysicalPath = "WebSite2\"
		Release.AspNetCompiler.TargetPath = "PrecompiledWeb\localhost_55261\"
		Release.AspNetCompiler.Updateable = "true"
		Release.AspNetCompiler.ForceOverwrite = "true"
		Release.AspNetCompiler.FixedNames = "false"
		Release.AspNetCompiler.Debug = "False"
		VWDPort = "55261"
		SlnRelativePath = "WebSite2\"
		DefaultWebSiteLanguage = "Visual C#"
	EndProjectSection
EndProject
Global
	GlobalSection(SolutionConfigurationPlatforms) = preSolution
		Debug|Any CPU = Debug|Any CPU
		Debug|ARM = Debug|ARM
		Debug|ARM64 = Debug|ARM64
		Debug|x64 = Debug|x64
		Debug|x86 = Debug|x86
		Release|Any CPU = Release|Any CPU
		Release|ARM = Release|ARM
		Release|ARM64 = Release|ARM64
		Release|x64 = Release|x64
		Release|x86 = Release|x86
	EndGlobalSection
	GlobalSection(ProjectConfigurationPlatforms) = postSolution
		{85FCDC5F-35C1-4994-8BC5-CE946B4CE888}.Debug|Any CPU.ActiveCfg = Debug|Any CPU
		{85FCDC5F-35C1-4994-8BC5-CE946B4CE888}.Debug|Any CPU.Build.0 = Debug|Any CPU
		{85FCDC5F-35C1-4994-8BC5-CE946B4CE888}.Debug|ARM.ActiveCfg = Debug|Any CPU
		{85FCDC5F-35C1-4994-8BC5-CE946B4CE888}.Debug|ARM.Build.0 = Debug|Any CPU
		{85FCDC5F-35C1-4994-8BC5-CE946B4CE888}.Debug|ARM64.ActiveCfg = Debug|Any CPU
		{85FCDC5F-35C1-4994-8BC5-CE946B4CE888}.Debug|ARM64.Build.0 = Debug|Any CPU
		{85FCDC5F-35C1-4994-8BC5-CE946B4CE888}.Debug|x64.ActiveCfg = Debug|Any CPU
		{85FCDC5F-35C1-4994-8BC5-CE946B4CE888}.Debug|x64.Build.0 = Debug|Any CPU
		{85FCDC5F-35C1-4994-8BC5-CE946B4CE888}.Debug|x86.ActiveCfg = Debug|Any CPU
		{85FCDC5F-35C1-4994-8BC5-CE946B4CE888}.Debug|x86.Build.0 = Debug|Any CPU
		{85FCDC5F-35C1-4994-8BC5-CE946B4CE888}.Release|Any CPU.ActiveCfg = Release|Any CPU
		{85FCDC5F-35C1-4994-8BC5-CE946B4CE888}.Release|Any CPU.Build.0 = Release|Any CPU
		{85FCDC5F-35C1-4994-8BC5-CE946B4CE888}.Release|ARM.ActiveCfg = Release|Any CPU
		{85FCDC5F-35C1-4994-8BC5-CE946B4CE888}.Release|ARM.Build.0 = Release|Any CPU
		{85FCDC5F-35C1-4994-8BC5-CE946B4CE888}.Release|ARM64.ActiveCfg = Release|Any CPU
		{85FCDC5F-35C1-4994-8BC5-CE946B4CE888}.Release|ARM64.Build.0 = Release|Any CPU
		{85FCDC5F-35C1-4994-8BC5-CE946B4CE888}.Release|x64.ActiveCfg = Release|Any CPU
		{85FCDC5F-35C1-4994-8BC5-CE946B4CE888}.Release|x64.Build.0 = Release|Any CPU
		{85FCDC5F-35C1-4994-8BC5-CE946B4CE888}.Release|x86.ActiveCfg = Release|Any CPU
		{85FCDC5F-35C1-4994-8BC5-CE946B4CE888}.Release|x86.Build.0 = Release|Any CPU
		{D4996C94-EF23-49A7-AC7E-6EC08677DE23}.Debug|Any CPU.ActiveCfg = Debug|Any CPU
		{D4996C94-EF23-49A7-AC7E-6EC08677DE23}.Debug|Any CPU.Build.0 = Debug|Any CPU
		{D4996C94-EF23-49A7-AC7E-6EC08677DE23}.Debug|ARM.ActiveCfg = Debug|Any CPU
		{D4996C94-EF23-49A7-AC7E-6EC08677DE23}.Debug|ARM.Build.0 = Debug|Any CPU
		{D4996C94-EF23-49A7-AC7E-6EC08677DE23}.Debug|ARM64.ActiveCfg = Debug|Any CPU
		{D4996C94-EF23-49A7-AC7E-6EC08677DE23}.Debug|ARM64.Build.0 = Debug|Any CPU
		{D4996C94-EF23-49A7-AC7E-6EC08677DE23}.Debug|x64.ActiveCfg = Debug|Any CPU
		{D4996C94-EF23-49A7-AC7E-6EC08677DE23}.Debug|x64.Build.0 = Debug|Any CPU
		{D4996C94-EF23-49A7-AC7E-6EC08677DE23}.Debug|x86.ActiveCfg = Debug|Any CPU
		{D4996C94-EF23-49A7-AC7E-6EC08677DE23}.Debug|x86.Build.0 = Debug|Any CPU
		{D4996C94-EF23-49A7-AC7E-6EC08677DE23}.Release|Any CPU.ActiveCfg = Release|Any CPU
		{D4996C94-EF23-49A7-AC7E-6EC08677DE23}.Release|Any CPU.Build.0 = Release|Any CPU
		{D4996C94-EF23-49A7-AC7E-6EC08677DE23}.Release|ARM.ActiveCfg = Release|Any CPU
		{D4996C94-EF23-49A7-AC7E-6EC08677DE23}.Release|ARM.Build.0 = Release|Any CPU
		{D4996C94-EF23-49A7-AC7E-6EC08677DE23}.Release|ARM64.ActiveCfg = Release|Any CPU
		{D4996C94-EF23-49A7-AC7E-6EC08677DE23}.Release|ARM64.Build.0 = Release|Any CPU
		{D4996C94-EF23-49A7-AC7E-6EC08677DE23}.Release|x64.ActiveCfg = Release|Any CPU
		{D4996C94-EF23-49A7-AC7E-6EC08677DE23}.Release|x64.Build.0 = Release|Any CPU
		{D4996C94-EF23-49A7-AC7E-6EC08677DE23}.Release|x86.ActiveCfg = Release|Any CPU
		{D4996C94-EF23-49A7-AC7E-6EC08677DE23}.Release|x86.Build.0 = Release|Any CPU
		{C6348D86-90D2-487E-9D2D-EC34C74D7391}.Debug|Any CPU.ActiveCfg = Debug|Any CPU
		{C6348D86-90D2-487E-9D2D-EC34C74D7391}.Debug|Any CPU.Build.0 = Debug|Any CPU
		{C6348D86-90D2-487E-9D2D-EC34C74D7391}.Debug|ARM.ActiveCfg = Debug|Any CPU
		{C6348D86-90D2-487E-9D2D-EC34C74D7391}.Debug|ARM.Build.0 = Debug|Any CPU
		{C6348D86-90D2-487E-9D2D-EC34C74D7391}.Debug|ARM64.ActiveCfg = Debug|Any CPU
		{C6348D86-90D2-487E-9D2D-EC34C74D7391}.Debug|ARM64.Build.0 = Debug|Any CPU
		{C6348D86-90D2-487E-9D2D-EC34C74D7391}.Debug|x64.ActiveCfg = Debug|Any CPU
		{C6348D86-90D2-487E-9D2D-EC34C74D7391}.Debug|x64.Build.0 = Debug|Any CPU
		{C6348D86-90D2-487E-9D2D-EC34C74D7391}.Debug|x86.ActiveCfg = Debug|Any CPU
		{C6348D86-90D2-487E-9D2D-EC34C74D7391}.Debug|x86.Build.0 = Debug|Any CPU
		{C6348D86-90D2-487E-9D2D-EC34C74D7391}.Release|Any CPU.ActiveCfg = Release|Any CPU
		{C6348D86-90D2-487E-9D2D-EC34C74D7391}.Release|Any CPU.Build.0 = Release|Any CPU
		{C6348D86-90D2-487E-9D2D-EC34C74D7391}.Release|ARM.ActiveCfg = Release|Any CPU
		{C6348D86-90D2-487E-9D2D-EC34C74D7391}.Release|ARM.Build.0 = Release|Any CPU
		{C6348D86-90D2-487E-9D2D-EC34C74D7391}.Release|ARM64.ActiveCfg = Release|Any CPU
		{C6348D86-90D2-487E-9D2D-EC34C74D7391}.Release|ARM64.Build.0 = Release|Any CPU
		{C6348D86-90D2-487E-9D2D-EC34C74D7391}.Release|x64.ActiveCfg = Release|Any CPU
		{C6348D86-90D2-487E-9D2D-EC34C74D7391}.Release|x64.Build.0 = Release|Any CPU
		{C6348D86-90D2-487E-9D2D-EC34C74D7391}.Release|x86.ActiveCfg = Release|Any CPU
		{C6348D86-90D2-487E-9D2D-EC34C74D7391}.Release|x86.Build.0 = Release|Any CPU
		{08FA1357-F4C6-42B9-9CC3-F4574CF233E7}.Debug|Any CPU.ActiveCfg = Debug|Any CPU
		{08FA1357-F4C6-42B9-9CC3-F4574CF233E7}.Debug|Any CPU.Build.0 = Debug|Any CPU
		{08FA1357-F4C6-42B9-9CC3-F4574CF233E7}.Debug|ARM.ActiveCfg = Debug|Any CPU
		{08FA1357-F4C6-42B9-9CC3-F4574CF233E7}.Debug|ARM.Build.0 = Debug|Any CPU
		{08FA1357-F4C6-42B9-9CC3-F4574CF233E7}.Debug|ARM64.ActiveCfg = Debug|Any CPU
		{08FA1357-F4C6-42B9-9CC3-F4574CF233E7}.Debug|ARM64.Build.0 = Debug|Any CPU
		{08FA1357-F4C6-42B9-9CC3-F4574CF233E7}.Debug|x64.ActiveCfg = Debug|Any CPU
		{08FA1357-F4C6-42B9-9CC3-F4574CF233E7}.Debug|x64.Build.0 = Debug|Any CPU
		{08FA1357-F4C6-42B9-9CC3-F4574CF233E7}.Debug|x86.ActiveCfg = Debug|Any CPU
		{08FA1357-F4C6-42B9-9CC3-F4574CF233E7}.Debug|x86.Build.0 = Debug|Any CPU
		{08FA1357-F4C6-42B9-9CC3-F4574CF233E7}.Release|Any CPU.ActiveCfg = Debug|Any CPU
		{08FA1357-F4C6-42B9-9CC3-F4574CF233E7}.Release|Any CPU.Build.0 = Debug|Any CPU
		{08FA1357-F4C6-42B9-9CC3-F4574CF233E7}.Release|ARM.ActiveCfg = Debug|Any CPU
		{08FA1357-F4C6-42B9-9CC3-F4574CF233E7}.Release|ARM.Build.0 = Debug|Any CPU
		{08FA1357-F4C6-42B9-9CC3-F4574CF233E7}.Release|ARM64.ActiveCfg = Debug|Any CPU
		{08FA1357-F4C6-42B9-9CC3-F4574CF233E7}.Release|ARM64.Build.0 = Debug|Any CPU
		{08FA1357-F4C6-42B9-9CC3-F4574CF233E7}.Release|x64.ActiveCfg = Debug|Any CPU
		{08FA1357-F4C6-42B9-9CC3-F4574CF233E7}.Release|x64.Build.0 = Debug|Any CPU
		{08FA1357-F4C6-42B9-9CC3-F4574CF233E7}.Release|x86.ActiveCfg = Debug|Any CPU
		{08FA1357-F4C6-42B9-9CC3-F4574CF233E7}.Release|x86.Build.0 = Debug|Any CPU
	EndGlobalSection
	GlobalSection(SolutionProperties) = preSolution
		HideSolutionNode = FALSE
	EndGlobalSection
	GlobalSection(ExtensibilityGlobals) = postSolution
		SolutionGuid = {99F0BFFC-3E1B-4D34-BD51-855E13E0364E}
	EndGlobalSection
EndGlobal
